{
  "name": "ionic-hello-world",
  "requires": true,
  "lockfileVersion": 1,
  "dependencies": {
    "@angular/common": {
      "version": "2.2.1",
      "resolved": "http://registry.npmjs.org/@angular/common/-/common-2.2.1.tgz",
      "integrity": "sha1-rXmWqGW3sR/DFTY4J/JBSkjGWJw="
    },
    "@angular/compiler": {
      "version": "2.2.1",
      "resolved": "http://registry.npmjs.org/@angular/compiler/-/compiler-2.2.1.tgz",
      "integrity": "sha1-Fuf69YjPkSGg9sFtC64oMPTK/cE="
    },
    "@angular/compiler-cli": {
      "version": "2.2.1",
      "resolved": "http://registry.npmjs.org/@angular/compiler-cli/-/compiler-cli-2.2.1.tgz",
      "integrity": "sha1-FmRpuIHWOUbMPkXEeofSts2QI4Y=",
      "requires": {
        "@angular/tsc-wrapped": "0.3.0",
        "minimist": "1.2.0",
        "reflect-metadata": "0.1.12"
      }
    },
    "@angular/core": {
      "version": "2.2.1",
      "resolved": "http://registry.npmjs.org/@angular/core/-/core-2.2.1.tgz",
      "integrity": "sha1-hv3DSjcKT8/oTtneSzxDVIYSkZw="
    },
    "@angular/forms": {
      "version": "2.2.1",
      "resolved": "http://registry.npmjs.org/@angular/forms/-/forms-2.2.1.tgz",
      "integrity": "sha1-DnFUrMUSfFg7S1LFnqxF1nLCnaQ="
    },
    "@angular/http": {
      "version": "2.2.1",
      "resolved": "http://registry.npmjs.org/@angular/http/-/http-2.2.1.tgz",
      "integrity": "sha1-FiaISmxfDMYCzp2B50IPzALbM1M="
    },
    "@angular/platform-browser": {
      "version": "2.2.1",
      "resolved": "http://registry.npmjs.org/@angular/platform-browser/-/platform-browser-2.2.1.tgz",
      "integrity": "sha1-1Rs2JgCJ8wVOdF760FmTUj1aUpM="
    },
    "@angular/platform-browser-dynamic": {
      "version": "2.2.1",
      "resolved": "http://registry.npmjs.org/@angular/platform-browser-dynamic/-/platform-browser-dynamic-2.2.1.tgz",
      "integrity": "sha1-Vh0ymC/uS2i0dLpHTH88TZS/62w="
    },
    "@angular/platform-server": {
      "version": "2.2.1",
      "resolved": "http://registry.npmjs.org/@angular/platform-server/-/platform-server-2.2.1.tgz",
      "integrity": "sha1-/aesxxE7/FjsnXKgovzGpuXFIms=",
      "requires": {
        "parse5": "2.2.3"
      }
    },
    "@angular/tsc-wrapped": {
      "version": "0.3.0",
      "resolved": "https://registry.npmjs.org/@angular/tsc-wrapped/-/tsc-wrapped-0.3.0.tgz",
      "integrity": "sha1-mM3rXDjRRbGHwK0Dl6jZiyF/M/I=",
      "requires": {
        "tsickle": "0.1.7"
      }
    },
    "@ionic/storage": {
      "version": "1.1.7",
      "resolved": "http://registry.npmjs.org/@ionic/storage/-/storage-1.1.7.tgz",
      "integrity": "sha1-Mys52/+7JfnTUF4hXN4Xq26jrWI=",
      "requires": {
        "@angular/core": "2.2.1",
        "@types/localforage": "0.0.30",
        "localforage": "1.7.3",
        "localforage-cordovasqlitedriver": "1.7.0",
        "rxjs": "5.0.0-beta.12"
      }
    },
    "@types/localforage": {
      "version": "0.0.30",
      "resolved": "https://registry.npmjs.org/@types/localforage/-/localforage-0.0.30.tgz",
      "integrity": "sha1-PWCmv23aOOP4pGlhFZg3nx9klQk="
    },
    "amdefine": {
      "version": "1.0.1",
      "resolved": "https://registry.npmjs.org/amdefine/-/amdefine-1.0.1.tgz",
      "integrity": "sha1-SlKCrBZHKek2Gbz9OtFR+BfOkfU="
    },
    "immediate": {
      "version": "3.0.6",
      "resolved": "https://registry.npmjs.org/immediate/-/immediate-3.0.6.tgz",
      "integrity": "sha1-nbHb0Pr43m++D13V5Wu2BigN5ps="
    },
    "ionic-angular": {
      "version": "2.1.0",
      "resolved": "https://registry.npmjs.org/ionic-angular/-/ionic-angular-2.1.0.tgz",
      "integrity": "sha1-GJ2aZhIKa8GSfrOZuhTXy+w5JQA="
    },
    "ionic-audio": {
      "version": "2.3.4",
      "resolved": "https://registry.npmjs.org/ionic-audio/-/ionic-audio-2.3.4.tgz",
      "integrity": "sha1-EYKW4RIzaQGFWkKcR+WCiwWL49g=",
      "requires": {
        "@angular/common": "2.2.1",
        "@angular/compiler": "2.2.1",
        "@angular/compiler-cli": "2.2.1",
        "@angular/core": "2.2.1",
        "@angular/forms": "2.2.1",
        "@angular/http": "2.2.1",
        "@angular/platform-browser": "2.2.1",
        "@angular/platform-browser-dynamic": "2.2.1",
        "@angular/platform-server": "2.2.1",
        "ionic-angular": "2.1.0",
        "rxjs": "5.0.0-beta.12",
        "zone.js": "0.6.26"
      }
    },
    "ionic-native": {
      "version": "2.4.1",
      "resolved": "https://registry.npmjs.org/ionic-native/-/ionic-native-2.4.1.tgz",
      "integrity": "sha1-eey5ro2zPW8gi9XQixgZYAICEsU=",
      "requires": {
        "rxjs": "5.0.0-beta.12"
      }
    },
    "ionicons": {
      "version": "3.0.0",
      "resolved": "http://registry.npmjs.org/ionicons/-/ionicons-3.0.0.tgz",
      "integrity": "sha1-QLja9P16MRUL0AIWD2ZJbiKpjDw="
    },
    "isarray": {
      "version": "0.0.1",
      "resolved": "https://registry.npmjs.org/isarray/-/isarray-0.0.1.tgz",
      "integrity": "sha1-ihis/Kmo9Bd+Cav8YDiTmwXR7t8="
    },
    "lie": {
      "version": "3.1.1",
      "resolved": "https://registry.npmjs.org/lie/-/lie-3.1.1.tgz",
      "integrity": "sha1-mkNrLMd0bKWd56QfpGmz77dr2H4=",
      "requires": {
        "immediate": "3.0.6"
      }
    },
    "localforage": {
      "version": "1.7.3",
      "resolved": "https://registry.npmjs.org/localforage/-/localforage-1.7.3.tgz",
      "integrity": "sha512-1TulyYfc4udS7ECSBT2vwJksWbkwwTX8BzeUIiq8Y07Riy7bDAAnxDaPU/tWyOVmQAcWJIEIFP9lPfBGqVoPgQ==",
      "requires": {
        "lie": "3.1.1"
      }
    },
    "localforage-cordovasqlitedriver": {
      "version": "1.7.0",
      "resolved": "https://registry.npmjs.org/localforage-cordovasqlitedriver/-/localforage-cordovasqlitedriver-1.7.0.tgz",
      "integrity": "sha1-i5OVd1nuaI06WNW6fAR39sy1ODg=",
      "requires": {
        "localforage": "1.7.3"
      }
    },
    "minimist": {
      "version": "1.2.0",
      "resolved": "http://registry.npmjs.org/minimist/-/minimist-1.2.0.tgz",
      "integrity": "sha1-o1AIsg9BOD7sH7kU9M1d95omQoQ="
    },
    "mkdirp": {
      "version": "0.5.1",
      "resolved": "http://registry.npmjs.org/mkdirp/-/mkdirp-0.5.1.tgz",
      "integrity": "sha1-MAV0OOrGz3+MR2fzhkjWaX11yQM=",
      "requires": {
        "minimist": "0.0.8"
      },
      "dependencies": {
        "minimist": {
          "version": "0.0.8",
          "resolved": "http://registry.npmjs.org/minimist/-/minimist-0.0.8.tgz",
          "integrity": "sha1-hX/Kv8M5fSYluCKCYuhqp6ARsF0="
        }
      }
    },
    "parse5": {
      "version": "2.2.3",
      "resolved": "https://registry.npmjs.org/parse5/-/parse5-2.2.3.tgz",
      "integrity": "sha1-DE/EHBAAxea5PUiwP4CDg3g06fY="
    },
    "path-to-regexp": {
      "version": "1.7.0",
      "resolved": "https://registry.npmjs.org/path-to-regexp/-/path-to-regexp-1.7.0.tgz",
      "integrity": "sha1-Wf3g9DW62suhA6hOnTvGTpa5k30=",
      "requires": {
        "isarray": "0.0.1"
      }
    },
    "reflect-metadata": {
      "version": "0.1.12",
      "resolved": "https://registry.npmjs.org/reflect-metadata/-/reflect-metadata-0.1.12.tgz",
      "integrity": "sha512-n+IyV+nGz3+0q3/Yf1ra12KpCyi001bi4XFxSjbiWWjfqb52iTTtpGXmCCAOWWIAn9KEuFZKGqBERHmrtScZ3A=="
    },
    "rxjs": {
      "version": "5.0.0-beta.12",
      "resolved": "http://registry.npmjs.org/rxjs/-/rxjs-5.0.0-beta.12.tgz",
      "integrity": "sha1-zf3i2MRjnSCud5S/+P3fMtp60zc=",
      "requires": {
        "symbol-observable": "1.2.0"
      }
    },
    "serviceworker-cache-polyfill": {
      "version": "4.0.0",
      "resolved": "https://registry.npmjs.org/serviceworker-cache-polyfill/-/serviceworker-cache-polyfill-4.0.0.tgz",
      "integrity": "sha1-3hnuc77yGrPAdAo3sz22JGS6ves="
    },
    "source-map": {
      "version": "0.4.4",
      "resolved": "http://registry.npmjs.org/source-map/-/source-map-0.4.4.tgz",
      "integrity": "sha1-66T12pwNyZneaAMti092FzZSA2s=",
      "requires": {
        "amdefine": "1.0.1"
      }
    },
    "source-map-support": {
      "version": "0.3.3",
      "resolved": "https://registry.npmjs.org/source-map-support/-/source-map-support-0.3.3.tgz",
      "integrity": "sha1-NJAJd9W6PwfHdX7nLnO7GptTdU8=",
      "requires": {
        "source-map": "0.1.32"
      },
      "dependencies": {
        "source-map": {
          "version": "0.1.32",
          "resolved": "http://registry.npmjs.org/source-map/-/source-map-0.1.32.tgz",
          "integrity": "sha1-yLbBZ3l7pHQKjqMyUhYv8IWRsmY=",
          "requires": {
            "amdefine": "1.0.1"
          }
        }
      }
    },
    "sw-toolbox": {
      "version": "3.4.0",
      "resolved": "https://registry.npmjs.org/sw-toolbox/-/sw-toolbox-3.4.0.tgz",
      "integrity": "sha1-oW7+z0p57TIZHPGSNSXy7om8dtw=",
      "requires": {
        "path-to-regexp": "1.7.0",
        "serviceworker-cache-polyfill": "4.0.0"
      }
    },
    "symbol-observable": {
      "version": "1.2.0",
      "resolved": "https://registry.npmjs.org/symbol-observable/-/symbol-observable-1.2.0.tgz",
      "integrity": "sha512-e900nM8RRtGhlV36KGEU9k65K3mPb1WV70OdjfxlG2EAuM1noi/E/BaW/uMhL7bPEssK8QV57vN3esixjUvcXQ=="
    },
    "tsickle": {
      "version": "0.1.7",
      "resolved": "http://registry.npmjs.org/tsickle/-/tsickle-0.1.7.tgz",
      "integrity": "sha1-v+j0zc2vmkC4SnKaOEgML4JPGKs=",
      "requires": {
        "minimist": "1.2.0",
        "mkdirp": "0.5.1",
        "source-map": "0.4.4",
        "source-map-support": "0.3.3"
      }
    },
    "typescript": {
      "version": "2.0.9",
      "resolved": "http://registry.npmjs.org/typescript/-/typescript-2.0.9.tgz",
      "integrity": "sha1-tPX+zD9E1ccX87PnwzHlu7FHpT0=",
      "dev": true
    },
    "zone.js": {
      "version": "0.6.26",
      "resolved": "https://registry.npmjs.org/zone.js/-/zone.js-0.6.26.tgz",
      "integrity": "sha1-BnwTuLgCI6ibYuncgmgPCXYsRjY="
    }
  }
}
